
Microsoft Visual Studio Solution File, Format Version 12.00
# Visual Studio Version 17
VisualStudioVersion = 17.14.36429.23
MinimumVisualStudioVersion = 10.0.40219.1
Project("{FAE04EC0-301F-11D3-BF4B-00C04F79EFBC}") = "CarVipPro.APrenstationLayer", "CarVipPro\CarVipPro.APrenstationLayer.csproj", "{393F92A3-B5D2-4D75-9352-9065E028A1A7}"
EndProject
Project("{FAE04EC0-301F-11D3-BF4B-00C04F79EFBC}") = "CarVipPro.BLL", "CarVipPro.BLL\CarVipPro.BLL.csproj", "{31F1B3BA-A597-4925-90CE-EC215A16619B}"
EndProject
Project("{FAE04EC0-301F-11D3-BF4B-00C04F79EFBC}") = "CarVipPro.DAL", "CarVipPro.DAL\CarVipPro.DAL.csproj", "{A3742B0B-A812-4F26-BBA6-1BE947E853C1}"
EndProject
Global
	GlobalSection(SolutionConfigurationPlatforms) = preSolution
		Debug|Any CPU = Debug|Any CPU
		Release|Any CPU = Release|Any CPU
	EndGlobalSection
	GlobalSection(ProjectConfigurationPlatforms) = postSolution
		{393F92A3-B5D2-4D75-9352-9065E028A1A7}.Debug|Any CPU.ActiveCfg = Debug|Any CPU
		{393F92A3-B5D2-4D75-9352-9065E028A1A7}.Debug|Any CPU.Build.0 = Debug|Any CPU
		{393F92A3-B5D2-4D75-9352-9065E028A1A7}.Release|Any CPU.ActiveCfg = Release|Any CPU
		{393F92A3-B5D2-4D75-9352-9065E028A1A7}.Release|Any CPU.Build.0 = Release|Any CPU
		{31F1B3BA-A597-4925-90CE-EC215A16619B}.Debug|Any CPU.ActiveCfg = Debug|Any CPU
		{31F1B3BA-A597-4925-90CE-EC215A16619B}.Debug|Any CPU.Build.0 = Debug|Any CPU
		{31F1B3BA-A597-4925-90CE-EC215A16619B}.Release|Any CPU.ActiveCfg = Release|Any CPU
		{31F1B3BA-A597-4925-90CE-EC215A16619B}.Release|Any CPU.Build.0 = Release|Any CPU
		{A3742B0B-A812-4F26-BBA6-1BE947E853C1}.Debug|Any CPU.ActiveCfg = Debug|Any CPU
		{A3742B0B-A812-4F26-BBA6-1BE947E853C1}.Debug|Any CPU.Build.0 = Debug|Any CPU
		{A3742B0B-A812-4F26-BBA6-1BE947E853C1}.Release|Any CPU.ActiveCfg = Release|Any CPU
		{A3742B0B-A812-4F26-BBA6-1BE947E853C1}.Release|Any CPU.Build.0 = Release|Any CPU
	EndGlobalSection
	GlobalSection(SolutionProperties) = preSolution
		HideSolutionNode = FALSE
	EndGlobalSection
	GlobalSection(ExtensibilityGlobals) = postSolution
		SolutionGuid = {1D16BBF6-6F5D-4323-9F74-93662DFDF92A}
	EndGlobalSection
EndGlobal
